{
  "nodes": {
    "abiotic-factor": {
      "inputs": {
        "nixpkgs": [
          "nixpkgs"
        ]
      },
      "locked": {
        "path": "./modules/abiotic-factor",
        "type": "path"
      },
      "original": {
        "path": "./modules/abiotic-factor",
        "type": "path"
      },
      "parent": []
    },
    "disko": {
      "inputs": {
        "nixpkgs": [
          "nixpkgs"
        ]
      },
      "locked": {
        "lastModified": 1768920986,
        "narHash": "sha256-CNzzBsRhq7gg4BMBuTDObiWDH/rFYHEuDRVOwCcwXw4=",
        "owner": "nix-community",
        "repo": "disko",
        "rev": "de5708739256238fb912c62f03988815db89ec9a",
        "type": "github"
      },
      "original": {
        "owner": "nix-community",
        "ref": "latest",
        "repo": "disko",
        "type": "github"
      }
    },
    "home-manager": {
      "inputs": {
        "nixpkgs": [
          "nixpkgs"
        ]
      },
      "locked": {
        "lastModified": 1774875830,
        "narHash": "sha256-WPYlTmZvVa9dWlAziFkVjBdv1Z6giNIq40O1DxsBmiI=",
        "owner": "nix-community",
        "repo": "home-manager",
        "rev": "7afd8cebb99e25a64a745765920e663478eb8830",
        "type": "github"
      },
      "original": {
        "owner": "nix-community",
        "ref": "release-25.11",
        "repo": "home-manager",
        "type": "github"
      }
    },
    "nixpkgs": {
      "locked": {
        "lastModified": 1774799055,
        "narHash": "sha256-Tsq9BCz0q47ej1uFF39m4tuhcwru/ls6vCCJzutEpaw=",
        "owner": "NixOS",
        "repo": "nixpkgs",
        "rev": "107cba9eb4a8d8c9f8e9e61266d78d340867913a",
        "type": "github"
      },
      "original": {
        "owner": "NixOS",
        "ref": "nixos-25.11",
        "repo": "nixpkgs",
        "type": "github"
      }
    },
    "nixpkgs-unstable": {
      "locked": {
        "lastModified": 1774794121,
        "narHash": "sha256-gih24b728CK8twDNU7VX9vVYK2tLEXvy9gm/GKq2VeE=",
        "owner": "NixOS",
        "repo": "nixpkgs",
        "rev": "c397ef6af68c018462d786e1b65384abc472a907",
        "type": "github"
      },
      "original": {
        "owner": "NixOS",
        "ref": "nixpkgs-unstable",
        "repo": "nixpkgs",
        "type": "github"
      }
    },
    "nova-chatmix": {
      "inputs": {
        "nixpkgs": [
          "nixpkgs"
        ]
      },
      "locked": {
        "lastModified": 1769491554,
        "narHash": "sha256-KiXnk4IoHtjGNoIk+sF441XeAF88jZslId0Na9YEe9k=",
        "owner": "icemoonmagic",
        "repo": "nova-chatmix-linux",
        "rev": "c0ef9b58fa48467103c55e72f7fe120daef41c81",
        "type": "github"
      },
      "original": {
        "owner": "icemoonmagic",
        "ref": "Rework",
        "repo": "nova-chatmix-linux",
        "type": "github"
      }
    },
    "plasma-manager": {
      "inputs": {
        "home-manager": [
          "home-manager"
        ],
        "nixpkgs": [
          "nixpkgs"
        ]
      },
      "locked": {
        "lastModified": 1774915545,
        "narHash": "sha256-COT4l/+ZddGBvrDVfPf7MEOJxV8EDKame6/aRnNIKcY=",
        "owner": "nix-community",
        "repo": "plasma-manager",
        "rev": "f3177b3c69fb3f03201098d7fe8ab6422cce7fc1",
        "type": "github"
      },
      "original": {
        "owner": "nix-community",
        "repo": "plasma-manager",
        "type": "github"
      }
    },
    "pyqtdarktheme": {
      "flake": false,
      "locked": {
        "lastModified": 1700967414,
        "narHash": "sha256-lCX8IhHboB3Y20d2LS0TJYXrxwb2n2RPrbsLBXfBakY=",
        "owner": "CovenEsme",
        "repo": "PyQtDarkTheme",
        "rev": "3380fe5923daef0bfba09db2451266bbb4b331eb",
        "type": "github"
      },
      "original": {
        "owner": "CovenEsme",
        "repo": "PyQtDarkTheme",
        "type": "github"
      }
    },
    "root": {
      "inputs": {
        "abiotic-factor": "abiotic-factor",
        "disko": "disko",
        "home-manager": "home-manager",
        "nixpkgs": "nixpkgs",
        "nixpkgs-unstable": "nixpkgs-unstable",
        "nova-chatmix": "nova-chatmix",
        "plasma-manager": "plasma-manager",
        "sshd-rando": "sshd-rando"
      }
    },
    "sshd-rando": {
      "inputs": {
        "nixpkgs": [
          "nixpkgs"
        ],
        "pyqtdarktheme": "pyqtdarktheme",
        "sshd-rando": "sshd-rando_2"
      },
      "locked": {
        "path": "./modules/sshd-rando",
        "type": "path"
      },
      "original": {
        "path": "./modules/sshd-rando",
        "type": "path"
      },
      "parent": []
    },
    "sshd-rando_2": {
      "flake": false,
      "locked": {
        "lastModified": 1757929977,
        "narHash": "sha256-PnSUlqNA5yc7bOaRP2ZYk0Kecv3wh5zM9mBzWQ6h6fU=",
        "owner": "mint-choc-chip-skyblade",
        "repo": "sshd-rando",
        "rev": "5e54c83754112c28c69369183fba06cf3f9abe88",
        "type": "github"
      },
      "original": {
        "owner": "mint-choc-chip-skyblade",
        "repo": "sshd-rando",
        "rev": "5e54c83754112c28c69369183fba06cf3f9abe88",
        "type": "github"
      }
    }
  },
  "root": "root",
  "version": 7
}
