{
  "nodes": {
    "abiotic-factor": {
      "inputs": {
        "nixpkgs": ["extra-flakes", "nixpkgs"]
      },
      "locked": {
        "path": "./abiotic-factor",
        "type": "path"
      },
      "original": {
        "path": "./abiotic-factor",
        "type": "path"
      },
      "parent": ["extra-flakes"]
    },
    "disko": {
      "inputs": {
        "nixpkgs": ["nixpkgs"]
      },
      "locked": {
        "lastModified": 1768920986,
        "narHash": "sha256-CNzzBsRhq7gg4BMBuTDObiWDH/rFYHEuDRVOwCcwXw4=",
        "owner": "nix-community",
        "repo": "disko",
        "rev": "de5708739256238fb912c62f03988815db89ec9a",
        "type": "github"
      },
      "original": {
        "owner": "nix-community",
        "ref": "latest",
        "repo": "disko",
        "type": "github"
      }
    },
    "home-manager": {
      "inputs": {
        "nixpkgs": ["nixpkgs"]
      },
      "locked": {
        "lastModified": 1775425411,
        "narHash": "sha256-KY6HsebJHEe5nHOWP7ur09mb0drGxYSzE3rQxy62rJo=",
        "owner": "nix-community",
        "repo": "home-manager",
        "rev": "0d02ec1d0a05f88ef9e74b516842900c41f0f2fe",
        "type": "github"
      },
      "original": {
        "owner": "nix-community",
        "ref": "release-25.11",
        "repo": "home-manager",
        "type": "github"
      }
    },
    "nixpkgs": {
      "locked": {
        "lastModified": 1776734388,
        "narHash": "sha256-vl3dkhlE5gzsItuHoEMVe+DlonsK+0836LIRDnm6MXQ=",
        "owner": "NixOS",
        "repo": "nixpkgs",
        "rev": "10e7ad5bbcb421fe07e3a4ad53a634b0cd57ffac",
        "type": "github"
      },
      "original": {
        "owner": "NixOS",
        "ref": "nixos-25.11",
        "repo": "nixpkgs",
        "type": "github"
      }
    },
    "nixpkgs-unstable": {
      "locked": {
        "lastModified": 1776949667,
        "narHash": "sha256-GMSVw35Q+294GlrTUKlx087E31z7KurReQ1YHSKp5iw=",
        "owner": "NixOS",
        "repo": "nixpkgs",
        "rev": "01fbdeef22b76df85ea168fbfe1bfd9e63681b30",
        "type": "github"
      },
      "original": {
        "owner": "NixOS",
        "ref": "nixpkgs-unstable",
        "repo": "nixpkgs",
        "type": "github"
      }
    },
    "nova-chatmix": {
      "inputs": {
        "nixpkgs": ["extra-flakes", "nixpkgs"]
      },
      "locked": {
        "lastModified": 1776993758,
        "narHash": "sha256-3b13/qDQKg4lFV592/Ck2qGopYU2dRP5j7mexiaovzc=",
        "owner": "icemoonmagic",
        "repo": "nova-chatmix-linux",
        "rev": "0a6a58a1614d49f053b1359790fd1eaba8c1de1a",
        "type": "github"
      },
      "original": {
        "owner": "icemoonmagic",
        "ref": "Rework",
        "repo": "nova-chatmix-linux",
        "type": "github"
      }
    },
    "plasma-manager": {
      "inputs": {
        "home-manager": ["home-manager"],
        "nixpkgs": ["nixpkgs"]
      },
      "locked": {
        "lastModified": 1775856943,
        "narHash": "sha256-b7Mp7P+q2Md5AGt4rjHfMcBykzMumFTen10ST++AuTU=",
        "owner": "nix-community",
        "repo": "plasma-manager",
        "rev": "a524a6160e6df89f7673ba293cf7d78b559eb1a5",
        "type": "github"
      },
      "original": {
        "owner": "nix-community",
        "repo": "plasma-manager",
        "type": "github"
      }
    },
    "pyqtdarktheme": {
      "flake": false,
      "locked": {
        "lastModified": 1700967414,
        "narHash": "sha256-lCX8IhHboB3Y20d2LS0TJYXrxwb2n2RPrbsLBXfBakY=",
        "owner": "CovenEsme",
        "repo": "PyQtDarkTheme",
        "rev": "3380fe5923daef0bfba09db2451266bbb4b331eb",
        "type": "github"
      },
      "original": {
        "owner": "CovenEsme",
        "repo": "PyQtDarkTheme",
        "type": "github"
      }
    },
    "root": {
      "inputs": {
        "disko": "disko",
        "home-manager": "home-manager",
        "nixpkgs": "nixpkgs",
        "nixpkgs-unstable": "nixpkgs-unstable",
        "plasma-manager": "plasma-manager",
        "extra-flakes": "extra-flakes"
      }
    },
    "sshd-rando": {
      "inputs": {
        "nixpkgs": ["extra-flakes", "nixpkgs"],
        "pyqtdarktheme": "pyqtdarktheme",
        "sshd-rando": "sshd-rando_2"
      },
      "locked": {
        "path": "./sshd-rando",
        "type": "path"
      },
      "original": {
        "path": "./sshd-rando",
        "type": "path"
      },
      "parent": ["extra-flakes"]
    },
    "sshd-rando_2": {
      "flake": false,
      "locked": {
        "lastModified": 1757929977,
        "narHash": "sha256-PnSUlqNA5yc7bOaRP2ZYk0Kecv3wh5zM9mBzWQ6h6fU=",
        "owner": "mint-choc-chip-skyblade",
        "repo": "sshd-rando",
        "rev": "5e54c83754112c28c69369183fba06cf3f9abe88",
        "type": "github"
      },
      "original": {
        "owner": "mint-choc-chip-skyblade",
        "repo": "sshd-rando",
        "rev": "5e54c83754112c28c69369183fba06cf3f9abe88",
        "type": "github"
      }
    },
    "extra-flakes": {
      "inputs": {
        "abiotic-factor": "abiotic-factor",
        "nixpkgs": ["nixpkgs"],
        "nixpkgs-unstable": ["nixpkgs-unstable"],
        "nova-chatmix": "nova-chatmix",
        "sshd-rando": "sshd-rando"
      },
      "locked": {
        "path": "./extra-flakes",
        "type": "path"
      },
      "original": {
        "path": "./extra-flakes",
        "type": "path"
      },
      "parent": []
    }
  },
  "root": "root",
  "version": 7
}
