{
  "nodes": {
    "abiotic-factor": {
      "inputs": {
        "nixpkgs": [
          "extra-flakes",
          "nixpkgs"
        ]
      },
      "locked": {
        "path": "./abiotic-factor",
        "type": "path"
      },
      "original": {
        "path": "./abiotic-factor",
        "type": "path"
      },
      "parent": [
        "extra-flakes"
      ]
    },
    "disko": {
      "inputs": {
        "nixpkgs": [
          "nixpkgs"
        ]
      },
      "locked": {
        "lastModified": 1768920986,
        "narHash": "sha256-CNzzBsRhq7gg4BMBuTDObiWDH/rFYHEuDRVOwCcwXw4=",
        "owner": "nix-community",
        "repo": "disko",
        "rev": "de5708739256238fb912c62f03988815db89ec9a",
        "type": "github"
      },
      "original": {
        "owner": "nix-community",
        "ref": "latest",
        "repo": "disko",
        "type": "github"
      }
    },
    "extra-flakes": {
      "inputs": {
        "abiotic-factor": "abiotic-factor",
        "nixpkgs": [
          "nixpkgs"
        ],
        "nixpkgs-unstable": [
          "nixpkgs-unstable"
        ],
        "nova-chatmix": "nova-chatmix",
        "sshd-rando": "sshd-rando"
      },
      "locked": {
        "path": "./extra-flakes",
        "type": "path"
      },
      "original": {
        "path": "./extra-flakes",
        "type": "path"
      },
      "parent": []
    },
    "home-manager": {
      "inputs": {
        "nixpkgs": [
          "nixpkgs"
        ]
      },
      "locked": {
        "lastModified": 1780883961,
        "narHash": "sha256-WU6SUrESuPiEXEUvX4D51AgWrXRJty+sLJBwBaDBGqE=",
        "owner": "nix-community",
        "repo": "home-manager",
        "rev": "4eb4fec41674d5b059aa2eedf0f98453890546fa",
        "type": "github"
      },
      "original": {
        "owner": "nix-community",
        "ref": "release-26.05",
        "repo": "home-manager",
        "type": "github"
      }
    },
    "nixpkgs": {
      "locked": {
        "lastModified": 1780902259,
        "narHash": "sha256-q8yYEC5f1mFlQO9RGna4LTc9QrcvWunX6FYp83munkQ=",
        "owner": "NixOS",
        "repo": "nixpkgs",
        "rev": "bd0ff2d3eac24699c3664d5966b9ef36f388e2ca",
        "type": "github"
      },
      "original": {
        "owner": "NixOS",
        "ref": "nixos-26.05",
        "repo": "nixpkgs",
        "type": "github"
      }
    },
    "nixpkgs-unstable": {
      "locked": {
        "lastModified": 1780747962,
        "narHash": "sha256-IX7G1dlKrOqPOImfbo7ADDfV5yU1+j+MRChI3TL4tAA=",
        "owner": "NixOS",
        "repo": "nixpkgs",
        "rev": "cbb5cf358f50aa6acc9efd6113b7bcfbc352cd73",
        "type": "github"
      },
      "original": {
        "owner": "NixOS",
        "ref": "nixpkgs-unstable",
        "repo": "nixpkgs",
        "type": "github"
      }
    },
    "nova-chatmix": {
      "inputs": {
        "nixpkgs": [
          "extra-flakes",
          "nixpkgs"
        ]
      },
      "locked": {
        "lastModified": 1780276966,
        "narHash": "sha256-Kloc59N/PNzGUO3A1TqFLVnazEY9GHC1pL1hMOrQ63c=",
        "owner": "icemoonmagic",
        "repo": "nova-chatmix-linux",
        "rev": "dc5ac0d3a05ec83456888ce4e58c770b88760043",
        "type": "github"
      },
      "original": {
        "owner": "icemoonmagic",
        "ref": "Rework",
        "repo": "nova-chatmix-linux",
        "type": "github"
      }
    },
    "plasma-manager": {
      "inputs": {
        "home-manager": [
          "home-manager"
        ],
        "nixpkgs": [
          "nixpkgs"
        ]
      },
      "locked": {
        "lastModified": 1775856943,
        "narHash": "sha256-b7Mp7P+q2Md5AGt4rjHfMcBykzMumFTen10ST++AuTU=",
        "owner": "nix-community",
        "repo": "plasma-manager",
        "rev": "a524a6160e6df89f7673ba293cf7d78b559eb1a5",
        "type": "github"
      },
      "original": {
        "owner": "nix-community",
        "repo": "plasma-manager",
        "type": "github"
      }
    },
    "pyqtdarktheme": {
      "flake": false,
      "locked": {
        "lastModified": 1700967414,
        "narHash": "sha256-lCX8IhHboB3Y20d2LS0TJYXrxwb2n2RPrbsLBXfBakY=",
        "owner": "CovenEsme",
        "repo": "PyQtDarkTheme",
        "rev": "3380fe5923daef0bfba09db2451266bbb4b331eb",
        "type": "github"
      },
      "original": {
        "owner": "CovenEsme",
        "repo": "PyQtDarkTheme",
        "type": "github"
      }
    },
    "root": {
      "inputs": {
        "disko": "disko",
        "extra-flakes": "extra-flakes",
        "home-manager": "home-manager",
        "nixpkgs": "nixpkgs",
        "nixpkgs-unstable": "nixpkgs-unstable",
        "plasma-manager": "plasma-manager",
        "system-flake": "system-flake"
      }
    },
    "sshd-rando": {
      "inputs": {
        "nixpkgs": [
          "extra-flakes",
          "nixpkgs"
        ],
        "pyqtdarktheme": "pyqtdarktheme",
        "sshd-rando": "sshd-rando_2"
      },
      "locked": {
        "path": "./sshd-rando",
        "type": "path"
      },
      "original": {
        "path": "./sshd-rando",
        "type": "path"
      },
      "parent": [
        "extra-flakes"
      ]
    },
    "sshd-rando_2": {
      "flake": false,
      "locked": {
        "lastModified": 1757929977,
        "narHash": "sha256-PnSUlqNA5yc7bOaRP2ZYk0Kecv3wh5zM9mBzWQ6h6fU=",
        "owner": "mint-choc-chip-skyblade",
        "repo": "sshd-rando",
        "rev": "5e54c83754112c28c69369183fba06cf3f9abe88",
        "type": "github"
      },
      "original": {
        "owner": "mint-choc-chip-skyblade",
        "repo": "sshd-rando",
        "rev": "5e54c83754112c28c69369183fba06cf3f9abe88",
        "type": "github"
      }
    },
    "system-flake": {
      "flake": false,
      "locked": {
        "path": ".",
        "type": "path"
      },
      "original": {
        "path": ".",
        "type": "path"
      },
      "parent": []
    }
  },
  "root": "root",
  "version": 7
}
